// !$*UTF8*$!
{
	archiveVersion = 1;
	classes = {
	};
	objectVersion = 48;
	objects = {

/* Begin PBXBuildFile section */
		7FECBD5621E53E790086A4CE /* AppDelegate.swift in Sources */ = {isa = PBXBuildFile; fileRef = 7FECBD5521E53E790086A4CE /* AppDelegate.swift */; };
		7FECBD5821E53E790086A4CE /* ViewController.swift in Sources */ = {isa = PBXBuildFile; fileRef = 7FECBD5721E53E790086A4CE /* ViewController.swift */; };
		7FECBD5B21E53E790086A4CE /* Main.storyboard in Resources */ = {isa = PBXBuildFile; fileRef = 7FECBD5921E53E790086A4CE /* Main.storyboard */; };
		7FECBD5D21E53E790086A4CE /* Assets.xcassets in Resources */ = {isa = PBXBuildFile; fileRef = 7FECBD5C21E53E790086A4CE /* Assets.xcassets */; };
		7FECBD6021E53E790086A4CE /* LaunchScreen.storyboard in Resources */ = {isa = PBXBuildFile; fileRef = 7FECBD5E21E53E790086A4CE /* LaunchScreen.storyboard */; };
		7FECBD6B21E53E790086A4CE /* Hackwich1Tests.swift in Sources */ = {isa = PBXBuildFile; fileRef = 7FECBD6A21E53E790086A4CE /* Hackwich1Tests.swift */; };
		7FECBD7621E53E790086A4CE /* Hackwich1UITests.swift in Sources */ = {isa = PBXBuildFile; fileRef = 7FECBD7521E53E790086A4CE /* Hackwich1UITests.swift */; };
/* End PBXBuildFile section */

/* Begin PBXContainerItemProxy section */
		7FECBD6721E53E790086A4CE /* PBXContainerItemProxy */ = {
			isa = PBXContainerItemProxy;
			containerPortal = 7FECBD4A21E53E790086A4CE /* Project object */;
			proxyType = 1;
			remoteGlobalIDString = 7FECBD5121E53E790086A4CE;
			remoteInfo = Hackwich1;
		};
		7FECBD7221E53E790086A4CE /* PBXContainerItemProxy */ = {
			isa = PBXContainerItemProxy;
			containerPortal = 7FECBD4A21E53E790086A4CE /* Project object */;
			proxyType = 1;
			remoteGlobalIDString = 7FECBD5121E53E790086A4CE;
			remoteInfo = Hackwich1;
		};
/* End PBXContainerItemProxy section */

/* Begin PBXFileReference section */
		7FECBD5221E53E790086A4CE /* Hackwich1.app */ = {isa = PBXFileReference; explicitFileType = wrapper.application; includeInIndex = 0; path = Hackwich1.app; sourceTree = BUILT_PRODUCTS_DIR; };
		7FECBD5521E53E790086A4CE /* AppDelegate.swift */ = {isa = PBXFileReference; lastKnownFileType = sourcecode.swift; path = AppDelegate.swift; sourceTree = "<group>"; };
		7FECBD5721E53E790086A4CE /* ViewController.swift */ = {isa = PBXFileReference; lastKnownFileType = sourcecode.swift; path = ViewController.swift; sourceTree = "<group>"; };
		7FECBD5A21E53E790086A4CE /* Base */ = {isa = PBXFileReference; lastKnownFileType = file.storyboard; name = Base; path = Base.lproj/Main.storyboard; sourceTree = "<group>"; };
		7FECBD5C21E53E790086A4CE /* Assets.xcassets */ = {isa = PBXFileReference; lastKnownFileType = folder.assetcatalog; path = Assets.xcassets; sourceTree = "<group>"; };
		7FECBD5F21E53E790086A4CE /* Base */ = {isa = PBXFileReference; lastKnownFileType = file.storyboard; name = Base; path = Base.lproj/LaunchScreen.storyboard; sourceTree = "<group>"; };
		7FECBD6121E53E790086A4CE /* Info.plist */ = {isa = PBXFileReference; lastKnownFileType = text.plist.xml; path = Info.plist; sourceTree = "<group>"; };
		7FECBD6621E53E790086A4CE /* Hackwich1Tests.xctest */ = {isa = PBXFileReference; explicitFileType = wrapper.cfbundle; includeInIndex = 0; path = Hackwich1Tests.xctest; sourceTree = BUILT_PRODUCTS_DIR; };
		7FECBD6A21E53E790086A4CE /* Hackwich1Tests.swift */ = {isa = PBXFileReference; lastKnownFileType = sourcecode.swift; path = Hackwich1Tests.swift; sourceTree = "<group>"; };
		7FECBD6C21E53E790086A4CE /* Info.plist */ = {isa = PBXFileReference; lastKnownFileType = text.plist.xml; path = Info.plist; sourceTree = "<group>"; };
		7FECBD7121E53E790086A4CE /* Hackwich1UITests.xctest */ = {isa = PBXFileReference; explicitFileType = wrapper.cfbundle; includeInIndex = 0; path = Hackwich1UITests.xctest; sourceTree = BUILT_PRODUCTS_DIR; };
		7FECBD7521E53E790086A4CE /* Hackwich1UITests.swift */ = {isa = PBXFileReference; lastKnownFileType = sourcecode.swift; path = Hackwich1UITests.swift; sourceTree = "<group>"; };
		7FECBD7721E53E790086A4CE /* Info.plist */ = {isa = PBXFileReference; lastKnownFileType = text.plist.xml; path = Info.plist; sourceTree = "<group>"; };
/* End PBXFileReference section */

/* Begin PBXFrameworksBuildPhase section */
		7FECBD4F21E53E790086A4CE /* Frameworks */ = {
			isa = PBXFrameworksBuildPhase;
			buildActionMask = 2147483647;
			files = (
			);
			runOnlyForDeploymentPostprocessing = 0;
		};
		7FECBD6321E53E790086A4CE /* Frameworks */ = {
			isa = PBXFrameworksBuildPhase;
			buildActionMask = 2147483647;
			files = (
			);
			runOnlyForDeploymentPostprocessing = 0;
		};
		7FECBD6E21E53E790086A4CE /* Frameworks */ = {
			isa = PBXFrameworksBuildPhase;
			buildActionMask = 2147483647;
			files = (
			);
			runOnlyForDeploymentPostprocessing = 0;
		};
/* End PBXFrameworksBuildPhase section */

/* Begin PBXGroup section */
		7FECBD4921E53E790086A4CE = {
			isa = PBXGroup;
			children = (
				7FECBD5421E53E790086A4CE /* Hackwich1 */,
				7FECBD6921E53E790086A4CE /* Hackwich1Tests */,
				7FECBD7421E53E790086A4CE /* Hackwich1UITests */,
				7FECBD5321E53E790086A4CE /* Products */,
			);
			sourceTree = "<group>";
		};
		7FECBD5321E53E790086A4CE /* Products */ = {
			isa = PBXGroup;
			children = (
				7FECBD5221E53E790086A4CE /* Hackwich1.app */,
				7FECBD6621E53E790086A4CE /* Hackwich1Tests.xctest */,
				7FECBD7121E53E790086A4CE /* Hackwich1UITests.xctest */,
			);
			name = Products;
			sourceTree = "<group>";
		};
		7FECBD5421E53E790086A4CE /* Hackwich1 */ = {
			isa = PBXGroup;
			children = (
				7FECBD5521E53E790086A4CE /* AppDelegate.swift */,
				7FECBD5721E53E790086A4CE /* ViewController.swift */,
				7FECBD5921E53E790086A4CE /* Main.storyboard */,
				7FECBD5C21E53E790086A4CE /* Assets.xcassets */,
				7FECBD5E21E53E790086A4CE /* LaunchScreen.storyboard */,
				7FECBD6121E53E790086A4CE /* Info.plist */,
			);
			path = Hackwich1;
			sourceTree = "<group>";
		};
		7FECBD6921E53E790086A4CE /* Hackwich1Tests */ = {
			isa = PBXGroup;
			children = (
				7FECBD6A21E53E790086A4CE /* Hackwich1Tests.swift */,
				7FECBD6C21E53E790086A4CE /* Info.plist */,
			);
			path = Hackwich1Tests;
			sourceTree = "<group>";
		};
		7FECBD7421E53E790086A4CE /* Hackwich1UITests */ = {
			isa = PBXGroup;
			children = (
				7FECBD7521E53E790086A4CE /* Hackwich1UITests.swift */,
				7FECBD7721E53E790086A4CE /* Info.plist */,
			);
			path = Hackwich1UITests;
			sourceTree = "<group>";
		};
/* End PBXGroup section */

/* Begin PBXNativeTarget section */
		7FECBD5121E53E790086A4CE /* Hackwich1 */ = {
			isa = PBXNativeTarget;
			buildConfigurationList = 7FECBD7A21E53E790086A4CE /* Build configuration list for PBXNativeTarget "Hackwich1" */;
			buildPhases = (
				7FECBD4E21E53E790086A4CE /* Sources */,
				7FECBD4F21E53E790086A4CE /* Frameworks */,
				7FECBD5021E53E790086A4CE /* Resources */,
			);
			buildRules = (
			);
			dependencies = (
			);
			name = Hackwich1;
			productName = Hackwich1;
			productReference = 7FECBD5221E53E790086A4CE /* Hackwich1.app */;
			productType = "com.apple.product-type.application";
		};
		7FECBD6521E53E790086A4CE /* Hackwich1Tests */ = {
			isa = PBXNativeTarget;
			buildConfigurationList = 7FECBD7D21E53E790086A4CE /* Build configuration list for PBXNativeTarget "Hackwich1Tests" */;
			buildPhases = (
				7FECBD6221E53E790086A4CE /* Sources */,
				7FECBD6321E53E790086A4CE /* Frameworks */,
				7FECBD6421E53E790086A4CE /* Resources */,
			);
			buildRules = (
			);
			dependencies = (
				7FECBD6821E53E790086A4CE /* PBXTargetDependency */,
			);
			name = Hackwich1Tests;
			productName = Hackwich1Tests;
			productReference = 7FECBD6621E53E790086A4CE /* Hackwich1Tests.xctest */;
			productType = "com.apple.product-type.bundle.unit-test";
		};
		7FECBD7021E53E790086A4CE /* Hackwich1UITests */ = {
			isa = PBXNativeTarget;
			buildConfigurationList = 7FECBD8021E53E790086A4CE /* Build configuration list for PBXNativeTarget "Hackwich1UITests" */;
			buildPhases = (
				7FECBD6D21E53E790086A4CE /* Sources */,
				7FECBD6E21E53E790086A4CE /* Frameworks */,
				7FECBD6F21E53E790086A4CE /* Resources */,
			);
			buildRules = (
			);
			dependencies = (
				7FECBD7321E53E790086A4CE /* PBXTargetDependency */,
			);
			name = Hackwich1UITests;
			productName = Hackwich1UITests;
			productReference = 7FECBD7121E53E790086A4CE /* Hackwich1UITests.xctest */;
			productType = "com.apple.product-type.bundle.ui-testing";
		};
/* End PBXNativeTarget section */

/* Begin PBXProject section */
		7FECBD4A21E53E790086A4CE /* Project object */ = {
			isa = PBXProject;
			attributes = {
				LastSwiftUpdateCheck = 0920;
				LastUpgradeCheck = 0920;
				ORGANIZATIONNAME = "Marion Ano";
				TargetAttributes = {
					7FECBD5121E53E790086A4CE = {
						CreatedOnToolsVersion = 9.2;
						ProvisioningStyle = Automatic;
					};
					7FECBD6521E53E790086A4CE = {
						CreatedOnToolsVersion = 9.2;
						ProvisioningStyle = Automatic;
						TestTargetID = 7FECBD5121E53E790086A4CE;
					};
					7FECBD7021E53E790086A4CE = {
						CreatedOnToolsVersion = 9.2;
						ProvisioningStyle = Automatic;
						TestTargetID = 7FECBD5121E53E790086A4CE;
					};
				};
			};
			buildConfigurationList = 7FECBD4D21E53E790086A4CE /* Build configuration list for PBXProject "Hackwich1" */;
			compatibilityVersion = "Xcode 8.0";
			developmentRegion = en;
			hasScannedForEncodings = 0;
			knownRegions = (
				en,
				Base,
			);
			mainGroup = 7FECBD4921E53E790086A4CE;
			productRefGroup = 7FECBD5321E53E790086A4CE /* Products */;
			projectDirPath = "";
			projectRoot = "";
			targets = (
				7FECBD5121E53E790086A4CE /* Hackwich1 */,
				7FECBD6521E53E790086A4CE /* Hackwich1Tests */,
				7FECBD7021E53E790086A4CE /* Hackwich1UITests */,
			);
		};
/* End PBXProject section */

/* Begin PBXResourcesBuildPhase section */
		7FECBD5021E53E790086A4CE /* Resources */ = {
			isa = PBXResourcesBuildPhase;
			buildActionMask = 2147483647;
			files = (
				7FECBD6021E53E790086A4CE /* LaunchScreen.storyboard in Resources */,
				7FECBD5D21E53E790086A4CE /* Assets.xcassets in Resources */,
				7FECBD5B21E53E790086A4CE /* Main.storyboard in Resources */,
			);
			runOnlyForDeploymentPostprocessing = 0;
		};
		7FECBD6421E53E790086A4CE /* Resources */ = {
			isa = PBXResourcesBuildPhase;
			buildActionMask = 2147483647;
			files = (
			);
			runOnlyForDeploymentPostprocessing = 0;
		};
		7FECBD6F21E53E790086A4CE /* Resources */ = {
			isa = PBXResourcesBuildPhase;
			buildActionMask = 2147483647;
			files = (
			);
			runOnlyForDeploymentPostprocessing = 0;
		};
/* End PBXResourcesBuildPhase section */

/* Begin PBXSourcesBuildPhase section */
		7FECBD4E21E53E790086A4CE /* Sources */ = {
			isa = PBXSourcesBuildPhase;
			buildActionMask = 2147483647;
			files = (
				7FECBD5821E53E790086A4CE /* ViewController.swift in Sources */,
				7FECBD5621E53E790086A4CE /* AppDelegate.swift in Sources */,
			);
			runOnlyForDeploymentPostprocessing = 0;
		};
		7FECBD6221E53E790086A4CE /* Sources */ = {
			isa = PBXSourcesBuildPhase;
			buildActionMask = 2147483647;
			files = (
				7FECBD6B21E53E790086A4CE /* Hackwich1Tests.swift in Sources */,
			);
			runOnlyForDeploymentPostprocessing = 0;
		};
		7FECBD6D21E53E790086A4CE /* Sources */ = {
			isa = PBXSourcesBuildPhase;
			buildActionMask = 2147483647;
			files = (
				7FECBD7621E53E790086A4CE /* Hackwich1UITests.swift in Sources */,
			);
			runOnlyForDeploymentPostprocessing = 0;
		};
/* End PBXSourcesBuildPhase section */

/* Begin PBXTargetDependency section */
		7FECBD6821E53E790086A4CE /* PBXTargetDependency */ = {
			isa = PBXTargetDependency;
			target = 7FECBD5121E53E790086A4CE /* Hackwich1 */;
			targetProxy = 7FECBD6721E53E790086A4CE /* PBXContainerItemProxy */;
		};
		7FECBD7321E53E790086A4CE /* PBXTargetDependency */ = {
			isa = PBXTargetDependency;
			target = 7FECBD5121E53E790086A4CE /* Hackwich1 */;
			targetProxy = 7FECBD7221E53E790086A4CE /* PBXContainerItemProxy */;
		};
/* End PBXTargetDependency section */

/* Begin PBXVariantGroup section */
		7FECBD5921E53E790086A4CE /* Main.storyboard */ = {
			isa = PBXVariantGroup;
			children = (
				7FECBD5A21E53E790086A4CE /* Base */,
			);
			name = Main.storyboard;
			sourceTree = "<group>";
		};
		7FECBD5E21E53E790086A4CE /* LaunchScreen.storyboard */ = {
			isa = PBXVariantGroup;
			children = (
				7FECBD5F21E53E790086A4CE /* Base */,
			);
			name = LaunchScreen.storyboard;
			sourceTree = "<group>";
		};
/* End PBXVariantGroup section */

/* Begin XCBuildConfiguration section */
		7FECBD7821E53E790086A4CE /* Debug */ = {
			isa = XCBuildConfiguration;
			buildSettings = {
				ALWAYS_SEARCH_USER_PATHS = NO;
				CLANG_ANALYZER_NONNULL = YES;
				CLANG_ANALYZER_NUMBER_OBJECT_CONVERSION = YES_AGGRESSIVE;
				CLANG_CXX_LANGUAGE_STANDARD = "gnu++14";
				CLANG_CXX_LIBRARY = "libc++";
				CLANG_ENABLE_MODULES = YES;
				CLANG_ENABLE_OBJC_ARC = YES;
				CLANG_WARN_BLOCK_CAPTURE_AUTORELEASING = YES;
				CLANG_WARN_BOOL_CONVERSION = YES;
				CLANG_WARN_COMMA = YES;
				CLANG_WARN_CONSTANT_CONVERSION = YES;
				CLANG_WARN_DIRECT_OBJC_ISA_USAGE = YES_ERROR;
				CLANG_WARN_DOCUMENTATION_COMMENTS = YES;
				CLANG_WARN_EMPTY_BODY = YES;
				CLANG_WARN_ENUM_CONVERSION = YES;
				CLANG_WARN_INFINITE_RECURSION = YES;
				CLANG_WARN_INT_CONVERSION = YES;
				CLANG_WARN_NON_LITERAL_NULL_CONVERSION = YES;
				CLANG_WARN_OBJC_LITERAL_CONVERSION = YES;
				CLANG_WARN_OBJC_ROOT_CLASS = YES_ERROR;
				CLANG_WARN_RANGE_LOOP_ANALYSIS = YES;
				CLANG_WARN_STRICT_PROTOTYPES = YES;
				CLANG_WARN_SUSPICIOUS_MOVE = YES;
				CLANG_WARN_UNGUARDED_AVAILABILITY = YES_AGGRESSIVE;
				CLANG_WARN_UNREACHABLE_CODE = YES;
				CLANG_WARN__DUPLICATE_METHOD_MATCH = YES;
				CODE_SIGN_IDENTITY = "iPhone Developer";
				COPY_PHASE_STRIP = NO;
				DEBUG_INFORMATION_FORMAT = dwarf;
				ENABLE_STRICT_OBJC_MSGSEND = YES;
				ENABLE_TESTABILITY = YES;
				GCC_C_LANGUAGE_STANDARD = gnu11;
				GCC_DYNAMIC_NO_PIC = NO;
				GCC_NO_COMMON_BLOCKS = YES;
				GCC_OPTIMIZATION_LEVEL = 0;
				GCC_PREPROCESSOR_DEFINITIONS = (
					"DEBUG=1",
					"$(inherited)",
				);
				GCC_WARN_64_TO_32_BIT_CONVERSION = YES;
				GCC_WARN_ABOUT_RETURN_TYPE = YES_ERROR;
				GCC_WARN_UNDECLARED_SELECTOR = YES;
				GCC_WARN_UNINITIALIZED_AUTOS = YES_AGGRESSIVE;
				GCC_WARN_UNUSED_FUNCTION = YES;
				GCC_WARN_UNUSED_VARIABLE = YES;
				IPHONEOS_DEPLOYMENT_TARGET = 11.2;
				MTL_ENABLE_DEBUG_INFO = YES;
				ONLY_ACTIVE_ARCH = YES;
				SDKROOT = iphoneos;
				SWIFT_ACTIVE_COMPILATION_CONDITIONS = DEBUG;
				SWIFT_OPTIMIZATION_LEVEL = "-Onone";
			};
			name = Debug;
		};
		7FECBD7921E53E790086A4CE /* Release */ = {
			isa = XCBuildConfiguration;
			buildSettings = {
				ALWAYS_SEARCH_USER_PATHS = NO;
				CLANG_ANALYZER_NONNULL = YES;
				CLANG_ANALYZER_NUMBER_OBJECT_CONVERSION = YES_AGGRESSIVE;
				CLANG_CXX_LANGUAGE_STANDARD = "gnu++14";
				CLANG_CXX_LIBRARY = "libc++";
				CLANG_ENABLE_MODULES = YES;
				CLANG_ENABLE_OBJC_ARC = YES;
				CLANG_WARN_BLOCK_CAPTURE_AUTORELEASING = YES;
				CLANG_WARN_BOOL_CONVERSION = YES;
				CLANG_WARN_COMMA = YES;
				CLANG_WARN_CONSTANT_CONVERSION = YES;
				CLANG_WARN_DIRECT_OBJC_ISA_USAGE = YES_ERROR;
				CLANG_WARN_DOCUMENTATION_COMMENTS = YES;
				CLANG_WARN_EMPTY_BODY = YES;
				CLANG_WARN_ENUM_CONVERSION = YES;
				CLANG_WARN_INFINITE_RECURSION = YES;
				CLANG_WARN_INT_CONVERSION = YES;
				CLANG_WARN_NON_LITERAL_NULL_CONVERSION = YES;
				CLANG_WARN_OBJC_LITERAL_CONVERSION = YES;
				CLANG_WARN_OBJC_ROOT_CLASS = YES_ERROR;
				CLANG_WARN_RANGE_LOOP_ANALYSIS = YES;
				CLANG_WARN_STRICT_PROTOTYPES = YES;
				CLANG_WARN_SUSPICIOUS_MOVE = YES;
				CLANG_WARN_UNGUARDED_AVAILABILITY = YES_AGGRESSIVE;
				CLANG_WARN_UNREACHABLE_CODE = YES;
				CLANG_WARN__DUPLICATE_METHOD_MATCH = YES;
				CODE_SIGN_IDENTITY = "iPhone Developer";
				COPY_PHASE_STRIP = NO;
				DEBUG_INFORMATION_FORMAT = "dwarf-with-dsym";
				ENABLE_NS_ASSERTIONS = NO;
				ENABLE_STRICT_OBJC_MSGSEND = YES;
				GCC_C_LANGUAGE_STANDARD = gnu11;
				GCC_NO_COMMON_BLOCKS = YES;
				GCC_WARN_64_TO_32_BIT_CONVERSION = YES;
				GCC_WARN_ABOUT_RETURN_TYPE = YES_ERROR;
				GCC_WARN_UNDECLARED_SELECTOR = YES;
				GCC_WARN_UNINITIALIZED_AUTOS = YES_AGGRESSIVE;
				GCC_WARN_UNUSED_FUNCTION = YES;
				GCC_WARN_UNUSED_VARIABLE = YES;
				IPHONEOS_DEPLOYMENT_TARGET = 11.2;
				MTL_ENABLE_DEBUG_INFO = NO;
				SDKROOT = iphoneos;
				SWIFT_OPTIMIZATION_LEVEL = "-Owholemodule";
				VALIDATE_PRODUCT = YES;
			};
			name = Release;
		};
		7FECBD7B21E53E790086A4CE /* Debug */ = {
			isa = XCBuildConfiguration;
			buildSettings = {
				ASSETCATALOG_COMPILER_APPICON_NAME = AppIcon;
				CODE_SIGN_STYLE = Automatic;
				INFOPLIST_FILE = Hackwich1/Info.plist;
				LD_RUNPATH_SEARCH_PATHS = "$(inherited) @executable_path/Frameworks";
				PRODUCT_BUNDLE_IDENTIFIER = purplemaia.org.Hackwich1;
				PRODUCT_NAME = "$(TARGET_NAME)";
				SWIFT_VERSION = 4.0;
				TARGETED_DEVICE_FAMILY = "1,2";
			};
			name = Debug;
		};
		7FECBD7C21E53E790086A4CE /* Release */ = {
			isa = XCBuildConfiguration;
			buildSettings = {
				ASSETCATALOG_COMPILER_APPICON_NAME = AppIcon;
				CODE_SIGN_STYLE = Automatic;
				INFOPLIST_FILE = Hackwich1/Info.plist;
				LD_RUNPATH_SEARCH_PATHS = "$(inherited) @executable_path/Frameworks";
				PRODUCT_BUNDLE_IDENTIFIER = purplemaia.org.Hackwich1;
				PRODUCT_NAME = "$(TARGET_NAME)";
				SWIFT_VERSION = 4.0;
				TARGETED_DEVICE_FAMILY = "1,2";
			};
			name = Release;
		};
		7FECBD7E21E53E790086A4CE /* Debug */ = {
			isa = XCBuildConfiguration;
			buildSettings = {
				ALWAYS_EMBED_SWIFT_STANDARD_LIBRARIES = YES;
				BUNDLE_LOADER = "$(TEST_HOST)";
				CODE_SIGN_STYLE = Automatic;
				INFOPLIST_FILE = Hackwich1Tests/Info.plist;
				LD_RUNPATH_SEARCH_PATHS = "$(inherited) @executable_path/Frameworks @loader_path/Frameworks";
				PRODUCT_BUNDLE_IDENTIFIER = purplemaia.org.Hackwich1Tests;
				PRODUCT_NAME = "$(TARGET_NAME)";
				SWIFT_VERSION = 4.0;
				TARGETED_DEVICE_FAMILY = "1,2";
				TEST_HOST = "$(BUILT_PRODUCTS_DIR)/Hackwich1.app/Hackwich1";
			};
			name = Debug;
		};
		7FECBD7F21E53E790086A4CE /* Release */ = {
			isa = XCBuildConfiguration;
			buildSettings = {
				ALWAYS_EMBED_SWIFT_STANDARD_LIBRARIES = YES;
				BUNDLE_LOADER = "$(TEST_HOST)";
				CODE_SIGN_STYLE = Automatic;
				INFOPLIST_FILE = Hackwich1Tests/Info.plist;
				LD_RUNPATH_SEARCH_PATHS = "$(inherited) @executable_path/Frameworks @loader_path/Frameworks";
				PRODUCT_BUNDLE_IDENTIFIER = purplemaia.org.Hackwich1Tests;
				PRODUCT_NAME = "$(TARGET_NAME)";
				SWIFT_VERSION = 4.0;
				TARGETED_DEVICE_FAMILY = "1,2";
				TEST_HOST = "$(BUILT_PRODUCTS_DIR)/Hackwich1.app/Hackwich1";
			};
			name = Release;
		};
		7FECBD8121E53E790086A4CE /* Debug */ = {
			isa = XCBuildConfiguration;
			buildSettings = {
				ALWAYS_EMBED_SWIFT_STANDARD_LIBRARIES = YES;
				CODE_SIGN_STYLE = Automatic;
				INFOPLIST_FILE = Hackwich1UITests/Info.plist;
				LD_RUNPATH_SEARCH_PATHS = "$(inherited) @executable_path/Frameworks @loader_path/Frameworks";
				PRODUCT_BUNDLE_IDENTIFIER = purplemaia.org.Hackwich1UITests;
				PRODUCT_NAME = "$(TARGET_NAME)";
				SWIFT_VERSION = 4.0;
				TARGETED_DEVICE_FAMILY = "1,2";
				TEST_TARGET_NAME = Hackwich1;
			};
			name = Debug;
		};
		7FECBD8221E53E790086A4CE /* Release */ = {
			isa = XCBuildConfiguration;
			buildSettings = {
				ALWAYS_EMBED_SWIFT_STANDARD_LIBRARIES = YES;
				CODE_SIGN_STYLE = Automatic;
				INFOPLIST_FILE = Hackwich1UITests/Info.plist;
				LD_RUNPATH_SEARCH_PATHS = "$(inherited) @executable_path/Frameworks @loader_path/Frameworks";
				PRODUCT_BUNDLE_IDENTIFIER = purplemaia.org.Hackwich1UITests;
				PRODUCT_NAME = "$(TARGET_NAME)";
				SWIFT_VERSION = 4.0;
				TARGETED_DEVICE_FAMILY = "1,2";
				TEST_TARGET_NAME = Hackwich1;
			};
			name = Release;
		};
/* End XCBuildConfiguration section */

/* Begin XCConfigurationList section */
		7FECBD4D21E53E790086A4CE /* Build configuration list for PBXProject "Hackwich1" */ = {
			isa = XCConfigurationList;
			buildConfigurations = (
				7FECBD7821E53E790086A4CE /* Debug */,
				7FECBD7921E53E790086A4CE /* Release */,
			);
			defaultConfigurationIsVisible = 0;
			defaultConfigurationName = Release;
		};
		7FECBD7A21E53E790086A4CE /* Build configuration list for PBXNativeTarget "Hackwich1" */ = {
			isa = XCConfigurationList;
			buildConfigurations = (
				7FECBD7B21E53E790086A4CE /* Debug */,
				7FECBD7C21E53E790086A4CE /* Release */,
			);
			defaultConfigurationIsVisible = 0;
			defaultConfigurationName = Release;
		};
		7FECBD7D21E53E790086A4CE /* Build configuration list for PBXNativeTarget "Hackwich1Tests" */ = {
			isa = XCConfigurationList;
			buildConfigurations = (
				7FECBD7E21E53E790086A4CE /* Debug */,
				7FECBD7F21E53E790086A4CE /* Release */,
			);
			defaultConfigurationIsVisible = 0;
			defaultConfigurationName = Release;
		};
		7FECBD8021E53E790086A4CE /* Build configuration list for PBXNativeTarget "Hackwich1UITests" */ = {
			isa = XCConfigurationList;
			buildConfigurations = (
				7FECBD8121E53E790086A4CE /* Debug */,
				7FECBD8221E53E790086A4CE /* Release */,
			);
			defaultConfigurationIsVisible = 0;
			defaultConfigurationName = Release;
		};
/* End XCConfigurationList section */
	};
	rootObject = 7FECBD4A21E53E790086A4CE /* Project object */;
}
